
Microsoft Visual Studio Solution File, Format Version 12.00
# Visual Studio Version 17
VisualStudioVersion = 17.3.32929.385
MinimumVisualStudioVersion = 10.0.40219.1
Project("{FAE04EC0-301F-11D3-BF4B-00C04F79EFBC}") = "Genshtab", "Genshtab.csproj", "{2A0A9C99-1D8B-4728-B19D-146A4B45D094}"
EndProject
Global
	GlobalSection(SolutionConfigurationPlatforms) = preSolution
		Debug|Any CPU = Debug|Any CPU
		Release|Any CPU = Release|Any CPU
	EndGlobalSection
	GlobalSection(ProjectConfigurationPlatforms) = postSolution
		{2A0A9C99-1D8B-4728-B19D-146A4B45D094}.Debug|Any CPU.ActiveCfg = Debug|Any CPU
		{2A0A9C99-1D8B-4728-B19D-146A4B45D094}.Debug|Any CPU.Build.0 = Debug|Any CPU
		{2A0A9C99-1D8B-4728-B19D-146A4B45D094}.Release|Any CPU.ActiveCfg = Release|Any CPU
		{2A0A9C99-1D8B-4728-B19D-146A4B45D094}.Release|Any CPU.Build.0 = Release|Any CPU
	EndGlobalSection
	GlobalSection(SolutionProperties) = preSolution
		HideSolutionNode = FALSE
	EndGlobalSection
	GlobalSection(ExtensibilityGlobals) = postSolution
		SolutionGuid = {CBC1D3AF-A852-4DBC-9849-12FBFD341007}
	EndGlobalSection
EndGlobal
